
Microsoft Visual Studio Solution File, Format Version 12.00
# Visual Studio Version 17
VisualStudioVersion = 17.7.34202.233
MinimumVisualStudioVersion = 10.0.40219.1
Project("{9A19103F-16F7-4668-BE54-9A1E7A4F7556}") = "ControlConsole", "ControlConsole.csproj", "{496FAEBE-A574-46AD-A064-B01E00E4D8A0}"
EndProject
Project("{9A19103F-16F7-4668-BE54-9A1E7A4F7556}") = "Quiz", "..\Quiz\Quiz.csproj", "{659FFC9E-4144-4388-9E67-0E6A7E744795}"
EndProject
Project("{9A19103F-16F7-4668-BE54-9A1E7A4F7556}") = "Frameworks", "..\Frameworks\Frameworks.csproj", "{68082F17-6E0E-4B47-AB12-07E0D1430884}"
EndProject
Project("{FAE04EC0-301F-11D3-BF4B-00C04F79EFBC}") = "FileApplication", "..\FileApplication\FileApplication.csproj", "{96963188-C7D8-4EC7-B244-E7573AAF3533}"
EndProject
Global
	GlobalSection(SolutionConfigurationPlatforms) = preSolution
		Debug|Any CPU = Debug|Any CPU
		Release|Any CPU = Release|Any CPU
	EndGlobalSection
	GlobalSection(ProjectConfigurationPlatforms) = postSolution
		{496FAEBE-A574-46AD-A064-B01E00E4D8A0}.Debug|Any CPU.ActiveCfg = Debug|Any CPU
		{496FAEBE-A574-46AD-A064-B01E00E4D8A0}.Debug|Any CPU.Build.0 = Debug|Any CPU
		{496FAEBE-A574-46AD-A064-B01E00E4D8A0}.Release|Any CPU.ActiveCfg = Release|Any CPU
		{496FAEBE-A574-46AD-A064-B01E00E4D8A0}.Release|Any CPU.Build.0 = Release|Any CPU
		{659FFC9E-4144-4388-9E67-0E6A7E744795}.Debug|Any CPU.ActiveCfg = Debug|Any CPU
		{659FFC9E-4144-4388-9E67-0E6A7E744795}.Debug|Any CPU.Build.0 = Debug|Any CPU
		{659FFC9E-4144-4388-9E67-0E6A7E744795}.Release|Any CPU.ActiveCfg = Release|Any CPU
		{659FFC9E-4144-4388-9E67-0E6A7E744795}.Release|Any CPU.Build.0 = Release|Any CPU
		{68082F17-6E0E-4B47-AB12-07E0D1430884}.Debug|Any CPU.ActiveCfg = Debug|Any CPU
		{68082F17-6E0E-4B47-AB12-07E0D1430884}.Debug|Any CPU.Build.0 = Debug|Any CPU
		{68082F17-6E0E-4B47-AB12-07E0D1430884}.Release|Any CPU.ActiveCfg = Release|Any CPU
		{68082F17-6E0E-4B47-AB12-07E0D1430884}.Release|Any CPU.Build.0 = Release|Any CPU
		{96963188-C7D8-4EC7-B244-E7573AAF3533}.Debug|Any CPU.ActiveCfg = Debug|Any CPU
		{96963188-C7D8-4EC7-B244-E7573AAF3533}.Debug|Any CPU.Build.0 = Debug|Any CPU
		{96963188-C7D8-4EC7-B244-E7573AAF3533}.Release|Any CPU.ActiveCfg = Release|Any CPU
		{96963188-C7D8-4EC7-B244-E7573AAF3533}.Release|Any CPU.Build.0 = Release|Any CPU
	EndGlobalSection
	GlobalSection(SolutionProperties) = preSolution
		HideSolutionNode = FALSE
	EndGlobalSection
	GlobalSection(ExtensibilityGlobals) = postSolution
		SolutionGuid = {59F95982-B90F-46F1-9D8C-3E015FB933E0}
	EndGlobalSection
EndGlobal
